Microsoft Visual Studio Solution File, Format Version 12.00
# Visual Studio Version 16
VisualStudioVersion = 16.0.29324.140
MinimumVisualStudioVersion = 15.0.0.0
Project("{2150E333-8FDC-42A3-9474-1A3956D46DE8}") = "Solution Items", "Solution Items", "{A6A7B553-5359-4FB9-B19C-8A23004F49DB}"
	ProjectSection(SolutionItems) = preProject
		.editorconfig = .editorconfig
		.gitattributes = .gitattributes
		.gitignore = .gitignore
		.mailmap = .mailmap
		appveyor.yml = appveyor.yml
		build.cmd = build.cmd
		CONTRIBUTING.md = CONTRIBUTING.md
		Directory.Build.props = Directory.Build.props
		global.json = global.json
		how_to_build.md = how_to_build.md
		License.txt = License.txt
		mkdocs.yml = mkdocs.yml
		README.md = README.md
		readthedocs.yml = readthedocs.yml
	EndProjectSection
EndProject
Project("{2150E333-8FDC-42A3-9474-1A3956D46DE8}") = "src", "src", "{59466C4D-C407-4DD9-B77B-D99162B9FC7C}"
	ProjectSection(SolutionItems) = preProject
		src\CommonAssemblyInfo.cs = src\CommonAssemblyInfo.cs
		src\Directory.Build.props = src\Directory.Build.props
		src\FakeItEasy.Dictionary.xml = src\FakeItEasy.Dictionary.xml
		src\FakeItEasy.snk = src\FakeItEasy.snk
	EndProjectSection
EndProject
Project("{9A19103F-16F7-4668-BE54-9A1E7A4F7556}") = "FakeItEasy.Examples", "samples\FakeItEasy.Examples\FakeItEasy.Examples.csproj", "{1ED2F1A2-40E3-498C-B13F-AF066EACF58F}"
EndProject
Project("{9A19103F-16F7-4668-BE54-9A1E7A4F7556}") = "FakeItEasy.Tests", "tests\FakeItEasy.Tests\FakeItEasy.Tests.csproj", "{0E26272D-045A-47C2-8928-BD9B980115D5}"
EndProject
Project("{9A19103F-16F7-4668-BE54-9A1E7A4F7556}") = "FakeItEasy.IntegrationTests", "tests\FakeItEasy.IntegrationTests\FakeItEasy.IntegrationTests.csproj", "{C291B61B-0729-4DC5-B8E4-147A8E3F801F}"
EndProject
Project("{778DAE3C-4631-46EA-AA77-85C1314464D9}") = "FakeItEasy.IntegrationTests.VB", "tests\FakeItEasy.IntegrationTests.VB\FakeItEasy.IntegrationTests.VB.vbproj", "{69A27B0A-710B-4CEC-B159-56E34C788665}"
EndProject
Project("{778DAE3C-4631-46EA-AA77-85C1314464D9}") = "FakeItEasy.Examples.VB", "samples\FakeItEasy.Examples.VB\FakeItEasy.Examples.VB.vbproj", "{193C944B-733B-4E01-87A3-73F7AB40CDC7}"
EndProject
Project("{9A19103F-16F7-4668-BE54-9A1E7A4F7556}") = "FakeItEasy.Specs", "tests\FakeItEasy.Specs\FakeItEasy.Specs.csproj", "{FA539A2D-98DC-4300-9A2C-EC6FE38A7392}"
EndProject
Project("{2150E333-8FDC-42A3-9474-1A3956D46DE8}") = "Unit", "Unit", "{DC5EAE30-96E3-4D38-B3C5-33E587C9FB76}"
EndProject
Project("{2150E333-8FDC-42A3-9474-1A3956D46DE8}") = "Integration", "Integration", "{5D41D463-D53B-4ADC-90AD-44AA03D6340D}"
EndProject
Project("{2150E333-8FDC-42A3-9474-1A3956D46DE8}") = "Specs", "Specs", "{575A3C3B-17BA-4A8A-9F53-05320913D0A6}"
EndProject
Project("{2150E333-8FDC-42A3-9474-1A3956D46DE8}") = "tests", "tests", "{AD790E7D-D664-4B5F-8BE8-01507A2A9F3B}"
	ProjectSection(SolutionItems) = preProject
		tests\.editorconfig = tests\.editorconfig
		tests\Directory.Build.props = tests\Directory.Build.props
		tests\FakeItEasy.Dictionary.Tests.xml = tests\FakeItEasy.Dictionary.Tests.xml
	EndProjectSection
EndProject
Project("{2150E333-8FDC-42A3-9474-1A3956D46DE8}") = "samples", "samples", "{2EEDF4EB-ED06-4370-9C0A-59502DF1B7F6}"
	ProjectSection(SolutionItems) = preProject
		samples\.editorconfig = samples\.editorconfig
		samples\Directory.Build.props = samples\Directory.Build.props
	EndProjectSection
EndProject
Project("{2150E333-8FDC-42A3-9474-1A3956D46DE8}") = "docs", "docs", "{072853A5-377B-47C4-8644-AF1F4FD669E2}"
	ProjectSection(SolutionItems) = preProject
		docs\advanced-usage.md = docs\advanced-usage.md
		docs\analyzer.md = docs\analyzer.md
		docs\argument-constraints.md = docs\argument-constraints.md
		docs\assertion.md = docs\assertion.md
		docs\assigning-out-and-ref-parameters.md = docs\assigning-out-and-ref-parameters.md
		docs\bootstrapper.md = docs\bootstrapper.md
		docs\calling-base-methods.md = docs\calling-base-methods.md
		docs\calling-wrapped-methods.md = docs\calling-wrapped-methods.md
		docs\changing-behavior-between-calls.md = docs\changing-behavior-between-calls.md
		docs\creating-fakes.md = docs\creating-fakes.md
		docs\custom-dummy-creation.md = docs\custom-dummy-creation.md
		docs\default-fake-behavior.md = docs\default-fake-behavior.md
		docs\doing-nothing.md = docs\doing-nothing.md
		docs\dummies.md = docs\dummies.md
		docs\external-resources.md = docs\external-resources.md
		docs\faking-async-methods.md = docs\faking-async-methods.md
		docs\formatting-argument-values.md = docs\formatting-argument-values.md
		docs\how-to-fake-internal-types.md = docs\how-to-fake-internal-types.md
		docs\implicit-creation-options.md = docs\implicit-creation-options.md
		docs\index.md = docs\index.md
		docs\invoking-custom-code.md = docs\invoking-custom-code.md
		docs\limited-call-specifications.md = docs\limited-call-specifications.md
		docs\ordered-assertions.md = docs\ordered-assertions.md
		docs\platform-support.md = docs\platform-support.md
		docs\quickstart.md = docs\quickstart.md
		docs\raising-events.md = docs\raising-events.md
		docs\read-write-property-behavior.md = docs\read-write-property-behavior.md
		docs\requirements.txt = docs\requirements.txt
		docs\scanning-for-extension-points.md = docs\scanning-for-extension-points.md
		docs\source-stepping.md = docs\source-stepping.md
		docs\specifying-a-call-to-configure.md = docs\specifying-a-call-to-configure.md
		docs\specifying-return-values.md = docs\specifying-return-values.md
		docs\strict-fakes.md = docs\strict-fakes.md
		docs\throwing-exceptions.md = docs\throwing-exceptions.md
		docs\what-can-be-faked.md = docs\what-can-be-faked.md
		docs\why-was-fakeiteasy-created.md = docs\why-was-fakeiteasy-created.md
	EndProjectSection
EndProject
Project("{2150E333-8FDC-42A3-9474-1A3956D46DE8}") = "css", "css", "{5A081DFC-0269-480B-853A-89D09AF478A8}"
	ProjectSection(SolutionItems) = preProject
		docs\css\extra-highlight.css = docs\css\extra-highlight.css
	EndProjectSection
EndProject
Project("{2150E333-8FDC-42A3-9474-1A3956D46DE8}") = "Approval", "Approval", "{9D4A41F1-D444-4244-AAAC-F610D9977B2F}"
EndProject
Project("{9A19103F-16F7-4668-BE54-9A1E7A4F7556}") = "FakeItEasy.Tests.Approval", "tests\FakeItEasy.Tests.Approval\FakeItEasy.Tests.Approval.csproj", "{42A92357-2A87-4B87-A591-CA78B6CE4461}"
EndProject
Project("{9A19103F-16F7-4668-BE54-9A1E7A4F7556}") = "FakeItEasy", "src\FakeItEasy\FakeItEasy.csproj", "{74165807-676F-4464-B607-8770C13E8991}"
EndProject
Project("{2150E333-8FDC-42A3-9474-1A3956D46DE8}") = "tools", "tools", "{9D99B251-FB4F-49BF-8405-F6E0DE46EB32}"
	ProjectSection(SolutionItems) = preProject
		tools\deploy.cmd = tools\deploy.cmd
		tools\FakeItEasy.ToolPaths.targets = tools\FakeItEasy.ToolPaths.targets
		tools\prepare_release.cmd = tools\prepare_release.cmd
	EndProjectSection
EndProject
Project("{9A19103F-16F7-4668-BE54-9A1E7A4F7556}") = "FakeItEasy.Build", "tools\FakeItEasy.Build\FakeItEasy.Build.csproj", "{81779103-4CA9-4177-B78A-A435FC37DADC}"
EndProject
Project("{9A19103F-16F7-4668-BE54-9A1E7A4F7556}") = "FakeItEasy.PrepareRelease", "tools-shared\FakeItEasy.PrepareRelease\FakeItEasy.PrepareRelease.csproj", "{0E2ED1CD-C7ED-4641-9482-C4BBBA58B623}"
EndProject
Project("{9A19103F-16F7-4668-BE54-9A1E7A4F7556}") = "FakeItEasy.Deploy", "tools-shared\FakeItEasy.Deploy\FakeItEasy.Deploy.csproj", "{5F4FC5FA-E2FA-456D-813F-6057B7CE7FF0}"
EndProject
Project("{9A19103F-16F7-4668-BE54-9A1E7A4F7556}") = "FakeItEasy.Extensions.ValueTask", "src\FakeItEasy.Extensions.ValueTask\FakeItEasy.Extensions.ValueTask.csproj", "{17B22C7C-9ECB-4D05-A238-48B40DDA06E8}"
EndProject
Project("{9A19103F-16F7-4668-BE54-9A1E7A4F7556}") = "FakeItEasy.Tests.TestHelpers", "tests\FakeItEasy.Tests.TestHelpers\FakeItEasy.Tests.TestHelpers.csproj", "{458FBDA4-91F9-4A69-BFBC-5AC3D85D4A03}"
EndProject
Global
	GlobalSection(SolutionConfigurationPlatforms) = preSolution
		Debug|Any CPU = Debug|Any CPU
		Release|Any CPU = Release|Any CPU
	EndGlobalSection
	GlobalSection(ProjectConfigurationPlatforms) = postSolution
		{1ED2F1A2-40E3-498C-B13F-AF066EACF58F}.Debug|Any CPU.ActiveCfg = Debug|Any CPU
		{1ED2F1A2-40E3-498C-B13F-AF066EACF58F}.Debug|Any CPU.Build.0 = Debug|Any CPU
		{1ED2F1A2-40E3-498C-B13F-AF066EACF58F}.Release|Any CPU.ActiveCfg = Release|Any CPU
		{1ED2F1A2-40E3-498C-B13F-AF066EACF58F}.Release|Any CPU.Build.0 = Release|Any CPU
		{0E26272D-045A-47C2-8928-BD9B980115D5}.Debug|Any CPU.ActiveCfg = Debug|Any CPU
		{0E26272D-045A-47C2-8928-BD9B980115D5}.Debug|Any CPU.Build.0 = Debug|Any CPU
		{0E26272D-045A-47C2-8928-BD9B980115D5}.Release|Any CPU.ActiveCfg = Release|Any CPU
		{0E26272D-045A-47C2-8928-BD9B980115D5}.Release|Any CPU.Build.0 = Release|Any CPU
		{C291B61B-0729-4DC5-B8E4-147A8E3F801F}.Debug|Any CPU.ActiveCfg = Debug|Any CPU
		{C291B61B-0729-4DC5-B8E4-147A8E3F801F}.Debug|Any CPU.Build.0 = Debug|Any CPU
		{C291B61B-0729-4DC5-B8E4-147A8E3F801F}.Release|Any CPU.ActiveCfg = Release|Any CPU
		{C291B61B-0729-4DC5-B8E4-147A8E3F801F}.Release|Any CPU.Build.0 = Release|Any CPU
		{69A27B0A-710B-4CEC-B159-56E34C788665}.Debug|Any CPU.ActiveCfg = Debug|Any CPU
		{69A27B0A-710B-4CEC-B159-56E34C788665}.Debug|Any CPU.Build.0 = Debug|Any CPU
		{69A27B0A-710B-4CEC-B159-56E34C788665}.Release|Any CPU.ActiveCfg = Release|Any CPU
		{69A27B0A-710B-4CEC-B159-56E34C788665}.Release|Any CPU.Build.0 = Release|Any CPU
		{193C944B-733B-4E01-87A3-73F7AB40CDC7}.Debug|Any CPU.ActiveCfg = Debug|Any CPU
		{193C944B-733B-4E01-87A3-73F7AB40CDC7}.Debug|Any CPU.Build.0 = Debug|Any CPU
		{193C944B-733B-4E01-87A3-73F7AB40CDC7}.Release|Any CPU.ActiveCfg = Release|Any CPU
		{193C944B-733B-4E01-87A3-73F7AB40CDC7}.Release|Any CPU.Build.0 = Release|Any CPU
		{FA539A2D-98DC-4300-9A2C-EC6FE38A7392}.Debug|Any CPU.ActiveCfg = Debug|Any CPU
		{FA539A2D-98DC-4300-9A2C-EC6FE38A7392}.Debug|Any CPU.Build.0 = Debug|Any CPU
		{FA539A2D-98DC-4300-9A2C-EC6FE38A7392}.Release|Any CPU.ActiveCfg = Release|Any CPU
		{FA539A2D-98DC-4300-9A2C-EC6FE38A7392}.Release|Any CPU.Build.0 = Release|Any CPU
		{42A92357-2A87-4B87-A591-CA78B6CE4461}.Debug|Any CPU.ActiveCfg = Debug|Any CPU
		{42A92357-2A87-4B87-A591-CA78B6CE4461}.Debug|Any CPU.Build.0 = Debug|Any CPU
		{42A92357-2A87-4B87-A591-CA78B6CE4461}.Release|Any CPU.ActiveCfg = Release|Any CPU
		{42A92357-2A87-4B87-A591-CA78B6CE4461}.Release|Any CPU.Build.0 = Release|Any CPU
		{74165807-676F-4464-B607-8770C13E8991}.Debug|Any CPU.ActiveCfg = Debug|Any CPU
		{74165807-676F-4464-B607-8770C13E8991}.Debug|Any CPU.Build.0 = Debug|Any CPU
		{74165807-676F-4464-B607-8770C13E8991}.Release|Any CPU.ActiveCfg = Release|Any CPU
		{74165807-676F-4464-B607-8770C13E8991}.Release|Any CPU.Build.0 = Release|Any CPU
		{81779103-4CA9-4177-B78A-A435FC37DADC}.Debug|Any CPU.ActiveCfg = Debug|Any CPU
		{81779103-4CA9-4177-B78A-A435FC37DADC}.Release|Any CPU.ActiveCfg = Release|Any CPU
		{0E2ED1CD-C7ED-4641-9482-C4BBBA58B623}.Debug|Any CPU.ActiveCfg = Debug|Any CPU
		{0E2ED1CD-C7ED-4641-9482-C4BBBA58B623}.Release|Any CPU.ActiveCfg = Release|Any CPU
		{5F4FC5FA-E2FA-456D-813F-6057B7CE7FF0}.Debug|Any CPU.ActiveCfg = Debug|Any CPU
		{5F4FC5FA-E2FA-456D-813F-6057B7CE7FF0}.Release|Any CPU.ActiveCfg = Release|Any CPU
		{17B22C7C-9ECB-4D05-A238-48B40DDA06E8}.Debug|Any CPU.ActiveCfg = Debug|Any CPU
		{17B22C7C-9ECB-4D05-A238-48B40DDA06E8}.Debug|Any CPU.Build.0 = Debug|Any CPU
		{17B22C7C-9ECB-4D05-A238-48B40DDA06E8}.Release|Any CPU.ActiveCfg = Release|Any CPU
		{17B22C7C-9ECB-4D05-A238-48B40DDA06E8}.Release|Any CPU.Build.0 = Release|Any CPU
		{458FBDA4-91F9-4A69-BFBC-5AC3D85D4A03}.Debug|Any CPU.ActiveCfg = Debug|Any CPU
		{458FBDA4-91F9-4A69-BFBC-5AC3D85D4A03}.Debug|Any CPU.Build.0 = Debug|Any CPU
		{458FBDA4-91F9-4A69-BFBC-5AC3D85D4A03}.Release|Any CPU.ActiveCfg = Release|Any CPU
		{458FBDA4-91F9-4A69-BFBC-5AC3D85D4A03}.Release|Any CPU.Build.0 = Release|Any CPU
	EndGlobalSection
	GlobalSection(SolutionProperties) = preSolution
		HideSolutionNode = FALSE
	EndGlobalSection
	GlobalSection(NestedProjects) = preSolution
		{1ED2F1A2-40E3-498C-B13F-AF066EACF58F} = {2EEDF4EB-ED06-4370-9C0A-59502DF1B7F6}
		{0E26272D-045A-47C2-8928-BD9B980115D5} = {DC5EAE30-96E3-4D38-B3C5-33E587C9FB76}
		{C291B61B-0729-4DC5-B8E4-147A8E3F801F} = {5D41D463-D53B-4ADC-90AD-44AA03D6340D}
		{69A27B0A-710B-4CEC-B159-56E34C788665} = {5D41D463-D53B-4ADC-90AD-44AA03D6340D}
		{193C944B-733B-4E01-87A3-73F7AB40CDC7} = {2EEDF4EB-ED06-4370-9C0A-59502DF1B7F6}
		{FA539A2D-98DC-4300-9A2C-EC6FE38A7392} = {575A3C3B-17BA-4A8A-9F53-05320913D0A6}
		{DC5EAE30-96E3-4D38-B3C5-33E587C9FB76} = {AD790E7D-D664-4B5F-8BE8-01507A2A9F3B}
		{5D41D463-D53B-4ADC-90AD-44AA03D6340D} = {AD790E7D-D664-4B5F-8BE8-01507A2A9F3B}
		{575A3C3B-17BA-4A8A-9F53-05320913D0A6} = {AD790E7D-D664-4B5F-8BE8-01507A2A9F3B}
		{5A081DFC-0269-480B-853A-89D09AF478A8} = {072853A5-377B-47C4-8644-AF1F4FD669E2}
		{9D4A41F1-D444-4244-AAAC-F610D9977B2F} = {AD790E7D-D664-4B5F-8BE8-01507A2A9F3B}
		{42A92357-2A87-4B87-A591-CA78B6CE4461} = {9D4A41F1-D444-4244-AAAC-F610D9977B2F}
		{74165807-676F-4464-B607-8770C13E8991} = {59466C4D-C407-4DD9-B77B-D99162B9FC7C}
		{81779103-4CA9-4177-B78A-A435FC37DADC} = {9D99B251-FB4F-49BF-8405-F6E0DE46EB32}
		{0E2ED1CD-C7ED-4641-9482-C4BBBA58B623} = {9D99B251-FB4F-49BF-8405-F6E0DE46EB32}
		{5F4FC5FA-E2FA-456D-813F-6057B7CE7FF0} = {9D99B251-FB4F-49BF-8405-F6E0DE46EB32}
		{17B22C7C-9ECB-4D05-A238-48B40DDA06E8} = {59466C4D-C407-4DD9-B77B-D99162B9FC7C}
		{458FBDA4-91F9-4A69-BFBC-5AC3D85D4A03} = {AD790E7D-D664-4B5F-8BE8-01507A2A9F3B}
	EndGlobalSection
	GlobalSection(ExtensibilityGlobals) = postSolution
		SolutionGuid = {E70BBF50-5920-49F2-835D-4A2DBD73F0E1}
	EndGlobalSection
EndGlobal
