
Microsoft Visual Studio Solution File, Format Version 12.00
# Visual Studio 2013
VisualStudioVersion = 12.0.31101.0
MinimumVisualStudioVersion = 10.0.40219.1
Project("{2150E333-8FDC-42A3-9474-1A3956D46DE8}") = "Solution Items", "Solution Items", "{A6A7B553-5359-4FB9-B19C-8A23004F49DB}"
	ProjectSection(SolutionItems) = preProject
		CommonAssemblyInfo.cs = CommonAssemblyInfo.cs
		FakeItEasy.Dictionary.Tests.xml = FakeItEasy.Dictionary.Tests.xml
		FakeItEasy.Dictionary.xml = FakeItEasy.Dictionary.xml
		FakeItEasy.Examples.ruleset = FakeItEasy.Examples.ruleset
		FakeItEasy.nuspec = FakeItEasy.nuspec
		FakeItEasy.ruleset = FakeItEasy.ruleset
		FakeItEasy.snk = FakeItEasy.snk
		FakeItEasy.Tests.ruleset = FakeItEasy.Tests.ruleset
		ILMerge.Internalize.Exclude.txt = ILMerge.Internalize.Exclude.txt
		Settings.StyleCop = Settings.StyleCop
	EndProjectSection
EndProject
Project("{2150E333-8FDC-42A3-9474-1A3956D46DE8}") = "Examples", "Examples", "{F9C87C93-FE80-45E1-8CFF-8D6E451F7939}"
EndProject
Project("{2150E333-8FDC-42A3-9474-1A3956D46DE8}") = "Tests", "Tests", "{52D18A62-B744-48F6-A4B5-1382F83FA437}"
EndProject
Project("{2150E333-8FDC-42A3-9474-1A3956D46DE8}") = ".nuget", ".nuget", "{4B581366-50F5-42E9-87A5-BA7DC4F6E330}"
	ProjectSection(SolutionItems) = preProject
		.nuget\NuGet.Config = .nuget\NuGet.Config
		.nuget\packages.config = .nuget\packages.config
	EndProjectSection
EndProject
Project("{FAE04EC0-301F-11D3-BF4B-00C04F79EFBC}") = "FakeItEasy", "FakeItEasy\FakeItEasy.csproj", "{80721425-68E5-48DC-87EA-41D63D0B45FA}"
EndProject
Project("{FAE04EC0-301F-11D3-BF4B-00C04F79EFBC}") = "FakeItEasy.Examples", "FakeItEasy.Examples\FakeItEasy.Examples.csproj", "{1ED2F1A2-40E3-498C-B13F-AF066EACF58F}"
EndProject
Project("{FAE04EC0-301F-11D3-BF4B-00C04F79EFBC}") = "FakeItEasy.Tests", "FakeItEasy.Tests\FakeItEasy.Tests.csproj", "{0E26272D-045A-47C2-8928-BD9B980115D5}"
EndProject
Project("{FAE04EC0-301F-11D3-BF4B-00C04F79EFBC}") = "FakeItEasy.IntegrationTests", "FakeItEasy.IntegrationTests\FakeItEasy.IntegrationTests.csproj", "{C291B61B-0729-4DC5-B8E4-147A8E3F801F}"
	ProjectSection(ProjectDependencies) = postProject
		{30396678-D653-4C67-A507-1749424A24CD} = {30396678-D653-4C67-A507-1749424A24CD}
	EndProjectSection
EndProject
Project("{F184B08F-C81C-45F6-A57F-5ABD9991F28F}") = "FakeItEasy.IntegrationTests.VB", "FakeItEasy.IntegrationTests.VB\FakeItEasy.IntegrationTests.VB.vbproj", "{69A27B0A-710B-4CEC-B159-56E34C788665}"
EndProject
Project("{F184B08F-C81C-45F6-A57F-5ABD9991F28F}") = "FakeItEasy.Examples.VB", "FakeItEasy.Examples.VB\FakeItEasy.Examples.VB.vbproj", "{193C944B-733B-4E01-87A3-73F7AB40CDC7}"
EndProject
Project("{FAE04EC0-301F-11D3-BF4B-00C04F79EFBC}") = "FakeItEasy-SL", "FakeItEasy-SL\FakeItEasy-SL.csproj", "{E0779E7F-8E25-4367-A7C1-57FCC91AF2FD}"
EndProject
Project("{FAE04EC0-301F-11D3-BF4B-00C04F79EFBC}") = "FakeItEasy-SL.Tests", "FakeItEasy-SL.Tests\FakeItEasy-SL.Tests.csproj", "{B486F5FE-4371-4E57-BC21-36DCF9F1895A}"
EndProject
Project("{FAE04EC0-301F-11D3-BF4B-00C04F79EFBC}") = "FakeItEasy.Specs", "FakeItEasy.Specs\FakeItEasy.Specs.csproj", "{FA539A2D-98DC-4300-9A2C-EC6FE38A7392}"
EndProject
Project("{FAE04EC0-301F-11D3-BF4B-00C04F79EFBC}") = "FakeItEasy.Net35", "FakeItEasy.Net35\FakeItEasy.Net35.csproj", "{9F875DD4-9C9A-4E8A-9C13-EFEE41C749F3}"
EndProject
Project("{FAE04EC0-301F-11D3-BF4B-00C04F79EFBC}") = "FakeItEasy.Net35.Tests", "FakeItEasy.Net35.Tests\FakeItEasy.Net35.Tests.csproj", "{E029C5AB-EC90-45B0-BBD9-29A60864B137}"
EndProject
Project("{FAE04EC0-301F-11D3-BF4B-00C04F79EFBC}") = "FakeItEasy.IntegrationTests.External", "FakeItEasy.IntegrationTests.External\FakeItEasy.IntegrationTests.External.csproj", "{30396678-D653-4C67-A507-1749424A24CD}"
EndProject
Project("{FAE04EC0-301F-11D3-BF4B-00C04F79EFBC}") = "FakeItEasy.Win8.Tests", "FakeItEasy.Win8.Tests\FakeItEasy.Win8.Tests.csproj", "{19A3E9ED-D8A6-463A-83E6-D59ABA52F1BF}"
	ProjectSection(ProjectDependencies) = postProject
		{E0779E7F-8E25-4367-A7C1-57FCC91AF2FD} = {E0779E7F-8E25-4367-A7C1-57FCC91AF2FD}
	EndProjectSection
EndProject
Project("{2150E333-8FDC-42A3-9474-1A3956D46DE8}") = "Unit", "Unit", "{DC5EAE30-96E3-4D38-B3C5-33E587C9FB76}"
EndProject
Project("{2150E333-8FDC-42A3-9474-1A3956D46DE8}") = "Integration", "Integration", "{5D41D463-D53B-4ADC-90AD-44AA03D6340D}"
EndProject
Project("{2150E333-8FDC-42A3-9474-1A3956D46DE8}") = "Specs", "Specs", "{575A3C3B-17BA-4A8A-9F53-05320913D0A6}"
EndProject
Project("{FAE04EC0-301F-11D3-BF4B-00C04F79EFBC}") = "FakeItEasy.Win81.Tests", "FakeItEasy.Win81.Tests\FakeItEasy.Win81.Tests.csproj", "{A84169B8-3CAC-415B-A367-A167836B034C}"
	ProjectSection(ProjectDependencies) = postProject
		{E0779E7F-8E25-4367-A7C1-57FCC91AF2FD} = {E0779E7F-8E25-4367-A7C1-57FCC91AF2FD}
	EndProjectSection
EndProject
Global
	GlobalSection(SolutionConfigurationPlatforms) = preSolution
		Debug|Any CPU = Debug|Any CPU
		Release|Any CPU = Release|Any CPU
	EndGlobalSection
	GlobalSection(ProjectConfigurationPlatforms) = postSolution
		{80721425-68E5-48DC-87EA-41D63D0B45FA}.Debug|Any CPU.ActiveCfg = Debug|Any CPU
		{80721425-68E5-48DC-87EA-41D63D0B45FA}.Debug|Any CPU.Build.0 = Debug|Any CPU
		{80721425-68E5-48DC-87EA-41D63D0B45FA}.Release|Any CPU.ActiveCfg = Release|Any CPU
		{80721425-68E5-48DC-87EA-41D63D0B45FA}.Release|Any CPU.Build.0 = Release|Any CPU
		{1ED2F1A2-40E3-498C-B13F-AF066EACF58F}.Debug|Any CPU.ActiveCfg = Debug|Any CPU
		{1ED2F1A2-40E3-498C-B13F-AF066EACF58F}.Debug|Any CPU.Build.0 = Debug|Any CPU
		{1ED2F1A2-40E3-498C-B13F-AF066EACF58F}.Release|Any CPU.ActiveCfg = Release|Any CPU
		{1ED2F1A2-40E3-498C-B13F-AF066EACF58F}.Release|Any CPU.Build.0 = Release|Any CPU
		{0E26272D-045A-47C2-8928-BD9B980115D5}.Debug|Any CPU.ActiveCfg = Debug|Any CPU
		{0E26272D-045A-47C2-8928-BD9B980115D5}.Debug|Any CPU.Build.0 = Debug|Any CPU
		{0E26272D-045A-47C2-8928-BD9B980115D5}.Release|Any CPU.ActiveCfg = Release|Any CPU
		{0E26272D-045A-47C2-8928-BD9B980115D5}.Release|Any CPU.Build.0 = Release|Any CPU
		{C291B61B-0729-4DC5-B8E4-147A8E3F801F}.Debug|Any CPU.ActiveCfg = Debug|Any CPU
		{C291B61B-0729-4DC5-B8E4-147A8E3F801F}.Debug|Any CPU.Build.0 = Debug|Any CPU
		{C291B61B-0729-4DC5-B8E4-147A8E3F801F}.Release|Any CPU.ActiveCfg = Release|Any CPU
		{C291B61B-0729-4DC5-B8E4-147A8E3F801F}.Release|Any CPU.Build.0 = Release|Any CPU
		{69A27B0A-710B-4CEC-B159-56E34C788665}.Debug|Any CPU.ActiveCfg = Debug|Any CPU
		{69A27B0A-710B-4CEC-B159-56E34C788665}.Debug|Any CPU.Build.0 = Debug|Any CPU
		{69A27B0A-710B-4CEC-B159-56E34C788665}.Release|Any CPU.ActiveCfg = Release|Any CPU
		{69A27B0A-710B-4CEC-B159-56E34C788665}.Release|Any CPU.Build.0 = Release|Any CPU
		{193C944B-733B-4E01-87A3-73F7AB40CDC7}.Debug|Any CPU.ActiveCfg = Debug|Any CPU
		{193C944B-733B-4E01-87A3-73F7AB40CDC7}.Debug|Any CPU.Build.0 = Debug|Any CPU
		{193C944B-733B-4E01-87A3-73F7AB40CDC7}.Release|Any CPU.ActiveCfg = Release|Any CPU
		{193C944B-733B-4E01-87A3-73F7AB40CDC7}.Release|Any CPU.Build.0 = Release|Any CPU
		{E0779E7F-8E25-4367-A7C1-57FCC91AF2FD}.Debug|Any CPU.ActiveCfg = Debug|Any CPU
		{E0779E7F-8E25-4367-A7C1-57FCC91AF2FD}.Debug|Any CPU.Build.0 = Debug|Any CPU
		{E0779E7F-8E25-4367-A7C1-57FCC91AF2FD}.Release|Any CPU.ActiveCfg = Release|Any CPU
		{E0779E7F-8E25-4367-A7C1-57FCC91AF2FD}.Release|Any CPU.Build.0 = Release|Any CPU
		{B486F5FE-4371-4E57-BC21-36DCF9F1895A}.Debug|Any CPU.ActiveCfg = Debug|Any CPU
		{B486F5FE-4371-4E57-BC21-36DCF9F1895A}.Debug|Any CPU.Build.0 = Debug|Any CPU
		{B486F5FE-4371-4E57-BC21-36DCF9F1895A}.Release|Any CPU.ActiveCfg = Release|Any CPU
		{B486F5FE-4371-4E57-BC21-36DCF9F1895A}.Release|Any CPU.Build.0 = Release|Any CPU
		{FA539A2D-98DC-4300-9A2C-EC6FE38A7392}.Debug|Any CPU.ActiveCfg = Debug|Any CPU
		{FA539A2D-98DC-4300-9A2C-EC6FE38A7392}.Debug|Any CPU.Build.0 = Debug|Any CPU
		{FA539A2D-98DC-4300-9A2C-EC6FE38A7392}.Release|Any CPU.ActiveCfg = Release|Any CPU
		{FA539A2D-98DC-4300-9A2C-EC6FE38A7392}.Release|Any CPU.Build.0 = Release|Any CPU
		{9F875DD4-9C9A-4E8A-9C13-EFEE41C749F3}.Debug|Any CPU.ActiveCfg = Debug|Any CPU
		{9F875DD4-9C9A-4E8A-9C13-EFEE41C749F3}.Debug|Any CPU.Build.0 = Debug|Any CPU
		{9F875DD4-9C9A-4E8A-9C13-EFEE41C749F3}.Release|Any CPU.ActiveCfg = Release|Any CPU
		{9F875DD4-9C9A-4E8A-9C13-EFEE41C749F3}.Release|Any CPU.Build.0 = Release|Any CPU
		{E029C5AB-EC90-45B0-BBD9-29A60864B137}.Debug|Any CPU.ActiveCfg = Debug|Any CPU
		{E029C5AB-EC90-45B0-BBD9-29A60864B137}.Debug|Any CPU.Build.0 = Debug|Any CPU
		{E029C5AB-EC90-45B0-BBD9-29A60864B137}.Release|Any CPU.ActiveCfg = Release|Any CPU
		{E029C5AB-EC90-45B0-BBD9-29A60864B137}.Release|Any CPU.Build.0 = Release|Any CPU
		{30396678-D653-4C67-A507-1749424A24CD}.Debug|Any CPU.ActiveCfg = Debug|Any CPU
		{30396678-D653-4C67-A507-1749424A24CD}.Debug|Any CPU.Build.0 = Debug|Any CPU
		{30396678-D653-4C67-A507-1749424A24CD}.Release|Any CPU.ActiveCfg = Release|Any CPU
		{30396678-D653-4C67-A507-1749424A24CD}.Release|Any CPU.Build.0 = Release|Any CPU
		{19A3E9ED-D8A6-463A-83E6-D59ABA52F1BF}.Debug|Any CPU.ActiveCfg = Debug|Any CPU
		{19A3E9ED-D8A6-463A-83E6-D59ABA52F1BF}.Debug|Any CPU.Build.0 = Debug|Any CPU
		{19A3E9ED-D8A6-463A-83E6-D59ABA52F1BF}.Release|Any CPU.ActiveCfg = Release|Any CPU
		{19A3E9ED-D8A6-463A-83E6-D59ABA52F1BF}.Release|Any CPU.Build.0 = Release|Any CPU
		{A84169B8-3CAC-415B-A367-A167836B034C}.Debug|Any CPU.ActiveCfg = Debug|Any CPU
		{A84169B8-3CAC-415B-A367-A167836B034C}.Debug|Any CPU.Build.0 = Debug|Any CPU
		{A84169B8-3CAC-415B-A367-A167836B034C}.Release|Any CPU.ActiveCfg = Release|Any CPU
		{A84169B8-3CAC-415B-A367-A167836B034C}.Release|Any CPU.Build.0 = Release|Any CPU
	EndGlobalSection
	GlobalSection(SolutionProperties) = preSolution
		HideSolutionNode = FALSE
	EndGlobalSection
	GlobalSection(NestedProjects) = preSolution
		{1ED2F1A2-40E3-498C-B13F-AF066EACF58F} = {F9C87C93-FE80-45E1-8CFF-8D6E451F7939}
		{0E26272D-045A-47C2-8928-BD9B980115D5} = {DC5EAE30-96E3-4D38-B3C5-33E587C9FB76}
		{C291B61B-0729-4DC5-B8E4-147A8E3F801F} = {5D41D463-D53B-4ADC-90AD-44AA03D6340D}
		{69A27B0A-710B-4CEC-B159-56E34C788665} = {5D41D463-D53B-4ADC-90AD-44AA03D6340D}
		{193C944B-733B-4E01-87A3-73F7AB40CDC7} = {F9C87C93-FE80-45E1-8CFF-8D6E451F7939}
		{B486F5FE-4371-4E57-BC21-36DCF9F1895A} = {DC5EAE30-96E3-4D38-B3C5-33E587C9FB76}
		{FA539A2D-98DC-4300-9A2C-EC6FE38A7392} = {575A3C3B-17BA-4A8A-9F53-05320913D0A6}
		{E029C5AB-EC90-45B0-BBD9-29A60864B137} = {DC5EAE30-96E3-4D38-B3C5-33E587C9FB76}
		{30396678-D653-4C67-A507-1749424A24CD} = {5D41D463-D53B-4ADC-90AD-44AA03D6340D}
		{19A3E9ED-D8A6-463A-83E6-D59ABA52F1BF} = {DC5EAE30-96E3-4D38-B3C5-33E587C9FB76}
		{DC5EAE30-96E3-4D38-B3C5-33E587C9FB76} = {52D18A62-B744-48F6-A4B5-1382F83FA437}
		{5D41D463-D53B-4ADC-90AD-44AA03D6340D} = {52D18A62-B744-48F6-A4B5-1382F83FA437}
		{575A3C3B-17BA-4A8A-9F53-05320913D0A6} = {52D18A62-B744-48F6-A4B5-1382F83FA437}
		{A84169B8-3CAC-415B-A367-A167836B034C} = {DC5EAE30-96E3-4D38-B3C5-33E587C9FB76}
	EndGlobalSection
	GlobalSection(MonoDevelopProperties) = preSolution
		version = 0.1
		StartupItem = FakeItEasy\FakeItEasy.csproj
	EndGlobalSection
EndGlobal
